
Microsoft Visual Studio Solution File, Format Version 12.00
# Visual Studio Version 17
VisualStudioVersion = 17.10.35004.147
MinimumVisualStudioVersion = 10.0.40219.1
Project("{FAE04EC0-301F-11D3-BF4B-00C04F79EFBC}") = "Assignment 1", "Assignment 1\Assignment 1.csproj", "{6BB771B7-2E43-4530-AFAC-440357B2BE83}"
EndProject
Global
	GlobalSection(SolutionConfigurationPlatforms) = preSolution
		Debug|Any CPU = Debug|Any CPU
		Release|Any CPU = Release|Any CPU
	EndGlobalSection
	GlobalSection(ProjectConfigurationPlatforms) = postSolution
		{6BB771B7-2E43-4530-AFAC-440357B2BE83}.Debug|Any CPU.ActiveCfg = Debug|Any CPU
		{6BB771B7-2E43-4530-AFAC-440357B2BE83}.Debug|Any CPU.Build.0 = Debug|Any CPU
		{6BB771B7-2E43-4530-AFAC-440357B2BE83}.Release|Any CPU.ActiveCfg = Release|Any CPU
		{6BB771B7-2E43-4530-AFAC-440357B2BE83}.Release|Any CPU.Build.0 = Release|Any CPU
	EndGlobalSection
	GlobalSection(SolutionProperties) = preSolution
		HideSolutionNode = FALSE
	EndGlobalSection
	GlobalSection(ExtensibilityGlobals) = postSolution
		SolutionGuid = {CDE79052-2405-4CC3-B779-14FDE07DD889}
	EndGlobalSection
EndGlobal
